
Microsoft Visual Studio Solution File, Format Version 12.00
# Visual Studio Version 17
VisualStudioVersion = 17.3.32811.315
MinimumVisualStudioVersion = 10.0.40219.1
Project("{FAE04EC0-301F-11D3-BF4B-00C04F79EFBC}") = "aao", "aao\aao.csproj", "{F78A4BAF-3C99-4ABF-882F-CB4342F7C3A5}"
EndProject
Global
	GlobalSection(SolutionConfigurationPlatforms) = preSolution
		Debug|Any CPU = Debug|Any CPU
		Release|Any CPU = Release|Any CPU
	EndGlobalSection
	GlobalSection(ProjectConfigurationPlatforms) = postSolution
		{F78A4BAF-3C99-4ABF-882F-CB4342F7C3A5}.Debug|Any CPU.ActiveCfg = Debug|Any CPU
		{F78A4BAF-3C99-4ABF-882F-CB4342F7C3A5}.Debug|Any CPU.Build.0 = Debug|Any CPU
		{F78A4BAF-3C99-4ABF-882F-CB4342F7C3A5}.Release|Any CPU.ActiveCfg = Release|Any CPU
		{F78A4BAF-3C99-4ABF-882F-CB4342F7C3A5}.Release|Any CPU.Build.0 = Release|Any CPU
	EndGlobalSection
	GlobalSection(SolutionProperties) = preSolution
		HideSolutionNode = FALSE
	EndGlobalSection
	GlobalSection(ExtensibilityGlobals) = postSolution
		SolutionGuid = {7B229509-E770-44FE-A6D2-6526684E028C}
	EndGlobalSection
EndGlobal
